
Microsoft Visual Studio Solution File, Format Version 12.00
# Visual Studio Version 17
VisualStudioVersion = 17.9.34701.34
MinimumVisualStudioVersion = 10.0.40219.1
Project("{FAE04EC0-301F-11D3-BF4B-00C04F79EFBC}") = "Bai1", "Bai1\Bai1.csproj", "{FF98BC6B-35BE-41FD-9970-482D3D3ADA7F}"
EndProject
Project("{FAE04EC0-301F-11D3-BF4B-00C04F79EFBC}") = "Bai3", "Bai3\Bai3.csproj", "{3D33E404-314F-4386-B1FF-C5878DA8016D}"
EndProject
Project("{FAE04EC0-301F-11D3-BF4B-00C04F79EFBC}") = "Bai4", "Bai4\Bai4.csproj", "{478B0238-38F7-4960-B94A-00F61BD838B1}"
EndProject
Project("{FAE04EC0-301F-11D3-BF4B-00C04F79EFBC}") = "Bai010", "Bai010\Bai010.csproj", "{7C29A1B7-6B98-40C5-B1A3-F4C626A0A1B2}"
EndProject
Project("{FAE04EC0-301F-11D3-BF4B-00C04F79EFBC}") = "Bai073", "Bai073\Bai073.csproj", "{0D1ACC65-677F-451D-A389-5E90FF2ECD27}"
EndProject
Global
	GlobalSection(SolutionConfigurationPlatforms) = preSolution
		Debug|Any CPU = Debug|Any CPU
		Release|Any CPU = Release|Any CPU
	EndGlobalSection
	GlobalSection(ProjectConfigurationPlatforms) = postSolution
		{FF98BC6B-35BE-41FD-9970-482D3D3ADA7F}.Debug|Any CPU.ActiveCfg = Debug|Any CPU
		{FF98BC6B-35BE-41FD-9970-482D3D3ADA7F}.Debug|Any CPU.Build.0 = Debug|Any CPU
		{FF98BC6B-35BE-41FD-9970-482D3D3ADA7F}.Release|Any CPU.ActiveCfg = Release|Any CPU
		{FF98BC6B-35BE-41FD-9970-482D3D3ADA7F}.Release|Any CPU.Build.0 = Release|Any CPU
		{3D33E404-314F-4386-B1FF-C5878DA8016D}.Debug|Any CPU.ActiveCfg = Debug|Any CPU
		{3D33E404-314F-4386-B1FF-C5878DA8016D}.Debug|Any CPU.Build.0 = Debug|Any CPU
		{3D33E404-314F-4386-B1FF-C5878DA8016D}.Release|Any CPU.ActiveCfg = Release|Any CPU
		{3D33E404-314F-4386-B1FF-C5878DA8016D}.Release|Any CPU.Build.0 = Release|Any CPU
		{478B0238-38F7-4960-B94A-00F61BD838B1}.Debug|Any CPU.ActiveCfg = Debug|Any CPU
		{478B0238-38F7-4960-B94A-00F61BD838B1}.Debug|Any CPU.Build.0 = Debug|Any CPU
		{478B0238-38F7-4960-B94A-00F61BD838B1}.Release|Any CPU.ActiveCfg = Release|Any CPU
		{478B0238-38F7-4960-B94A-00F61BD838B1}.Release|Any CPU.Build.0 = Release|Any CPU
		{7C29A1B7-6B98-40C5-B1A3-F4C626A0A1B2}.Debug|Any CPU.ActiveCfg = Debug|Any CPU
		{7C29A1B7-6B98-40C5-B1A3-F4C626A0A1B2}.Debug|Any CPU.Build.0 = Debug|Any CPU
		{7C29A1B7-6B98-40C5-B1A3-F4C626A0A1B2}.Release|Any CPU.ActiveCfg = Release|Any CPU
		{7C29A1B7-6B98-40C5-B1A3-F4C626A0A1B2}.Release|Any CPU.Build.0 = Release|Any CPU
		{0D1ACC65-677F-451D-A389-5E90FF2ECD27}.Debug|Any CPU.ActiveCfg = Debug|Any CPU
		{0D1ACC65-677F-451D-A389-5E90FF2ECD27}.Debug|Any CPU.Build.0 = Debug|Any CPU
		{0D1ACC65-677F-451D-A389-5E90FF2ECD27}.Release|Any CPU.ActiveCfg = Release|Any CPU
		{0D1ACC65-677F-451D-A389-5E90FF2ECD27}.Release|Any CPU.Build.0 = Release|Any CPU
	EndGlobalSection
	GlobalSection(SolutionProperties) = preSolution
		HideSolutionNode = FALSE
	EndGlobalSection
	GlobalSection(ExtensibilityGlobals) = postSolution
		SolutionGuid = {2C9AD41C-2C4A-4FAA-8657-13FBCD47D90A}
	EndGlobalSection
EndGlobal
